{
  "name": "my-vite-project",
  "version": "0.0.0",
  "lockfileVersion": 3,
  "requires": true,
  "packages": {
    "": {
      "name": "my-vite-project",
      "version": "0.0.0",
      "dependencies": {
        "three": "^0.158.0",
        "vue": "^3.3.8"
      },
      "devDependencies": {
        "@vitejs/plugin-vue": "^4.5.0",
        "vite": "^5.0.0"
      }
    },
    "node_modules/@babel/parser": {
      "version": "7.23.4",
      "resolved": "https://registry.npmjs.org/@babel/parser/-/parser-7.23.4.tgz",
      "integrity": "sha512-vf3Xna6UEprW+7t6EtOmFpHNAuxw3xqPZghy+brsnusscJRW5BMUzzHZc5ICjULee81WeUV2jjakG09MDglJXQ==",
      "license": "MIT",
      "bin": {
        "parser": "bin/babel-parser.js"
      },
      "engines": {
        "node": ">=6.0.0"
      }
    },
    "node_modules/@esbuild/win32-x64": {
      "version": "0.19.7",
      "resolved": "https://registry.npmjs.org/@esbuild/win32-x64/-/win32-x64-0.19.7.tgz",
      "integrity": "sha512-gRaP2sk6hc98N734luX4VpF318l3w+ofrtTu9j5L8EQXF+FzQKV6alCOHMVoJJHvVK/mGbwBXfOL1HETQu9IGQ==",
      "cpu": [
        "x64"
      ],
      "dev": true,
      "license": "MIT",
      "optional": true,
      "os": [
        "win32"
      ],
      "engines": {
        "node": ">=12"
      }
    },
    "node_modules/@jridgewell/sourcemap-codec": {
      "version": "1.4.15",
      "resolved": "https://registry.npmjs.org/@jridgewell/sourcemap-codec/-/sourcemap-codec-1.4.15.tgz",
      "integrity": "sha512-eF2rxCRulEKXHTRiDrDy6erMYWqNw4LPdQ8UQA4huuxaQsVeRPFl2oM8oDGxMFhJUWZf9McpLtJasDDZb/Bpeg==",
      "license": "MIT"
    },
    "node_modules/@rollup/rollup-win32-x64-msvc": {
      "version": "4.5.2",
      "resolved": "https://registry.npmjs.org/@rollup/rollup-win32-x64-msvc/-/rollup-win32-x64-msvc-4.5.2.tgz",
      "integrity": "sha512-pL0RXRHuuGLhvs7ayX/SAHph1hrDPXOM5anyYUQXWJEENxw3nfHkzv8FfVlEVcLyKPAEgDRkd6RKZq2SMqS/yg==",
      "cpu": [
        "x64"
      ],
      "dev": true,
      "license": "MIT",
      "optional": true,
      "os": [
        "win32"
      ]
    },
    "node_modules/@vitejs/plugin-vue": {
      "version": "4.5.0",
      "resolved": "https://registry.npmjs.org/@vitejs/plugin-vue/-/plugin-vue-4.5.0.tgz",
      "integrity": "sha512-a2WSpP8X8HTEww/U00bU4mX1QpLINNuz/2KMNpLsdu3BzOpak3AGI1CJYBTXcc4SPhaD0eNRUp7IyQK405L5dQ==",
      "dev": true,
      "license": "MIT",
      "engines": {
        "node": "^14.18.0 || >=16.0.0"
      },
      "peerDependencies": {
        "vite": "^4.0.0 || ^5.0.0",
        "vue": "^3.2.25"
      }
    },
    "node_modules/@vue/compiler-core": {
      "version": "3.3.8",
      "resolved": "https://registry.npmjs.org/@vue/compiler-core/-/compiler-core-3.3.8.tgz",
      "integrity": "sha512-hN/NNBUECw8SusQvDSqqcVv6gWq8L6iAktUR0UF3vGu2OhzRqcOiAno0FmBJWwxhYEXRlQJT5XnoKsVq1WZx4g==",
      "license": "MIT",
      "dependencies": {
        "@babel/parser": "^7.23.0",
        "@vue/shared": "3.3.8",
        "estree-walker": "^2.0.2",
        "source-map-js": "^1.0.2"
      }
    },
    "node_modules/@vue/compiler-dom": {
      "version": "3.3.8",
      "resolved": "https://registry.npmjs.org/@vue/compiler-dom/-/compiler-dom-3.3.8.tgz",
      "integrity": "sha512-+PPtv+p/nWDd0AvJu3w8HS0RIm/C6VGBIRe24b9hSyNWOAPEUosFZ5diwawwP8ip5sJ8n0Pe87TNNNHnvjs0FQ==",
      "license": "MIT",
      "dependencies": {
        "@vue/compiler-core": "3.3.8",
        "@vue/shared": "3.3.8"
      }
    },
    "node_modules/@vue/compiler-sfc": {
      "version": "3.3.8",
      "resolved": "https://registry.npmjs.org/@vue/compiler-sfc/-/compiler-sfc-3.3.8.tgz",
      "integrity": "sha512-WMzbUrlTjfYF8joyT84HfwwXo+8WPALuPxhy+BZ6R4Aafls+jDBnSz8PDz60uFhuqFbl3HxRfxvDzrUf3THwpA==",
      "license": "MIT",
      "dependencies": {
        "@babel/parser": "^7.23.0",
        "@vue/compiler-core": "3.3.8",
        "@vue/compiler-dom": "3.3.8",
        "@vue/compiler-ssr": "3.3.8",
        "@vue/reactivity-transform": "3.3.8",
        "@vue/shared": "3.3.8",
        "estree-walker": "^2.0.2",
        "magic-string": "^0.30.5",
        "postcss": "^8.4.31",
        "source-map-js": "^1.0.2"
      }
    },
    "node_modules/@vue/compiler-ssr": {
      "version": "3.3.8",
      "resolved": "https://registry.npmjs.org/@vue/compiler-ssr/-/compiler-ssr-3.3.8.tgz",
      "integrity": "sha512-hXCqQL/15kMVDBuoBYpUnSYT8doDNwsjvm3jTefnXr+ytn294ySnT8NlsFHmTgKNjwpuFy7XVV8yTeLtNl/P6w==",
      "license": "MIT",
      "dependencies": {
        "@vue/compiler-dom": "3.3.8",
        "@vue/shared": "3.3.8"
      }
    },
    "node_modules/@vue/reactivity": {
      "version": "3.3.8",
      "resolved": "https://registry.npmjs.org/@vue/reactivity/-/reactivity-3.3.8.tgz",
      "integrity": "sha512-ctLWitmFBu6mtddPyOKpHg8+5ahouoTCRtmAHZAXmolDtuZXfjL2T3OJ6DL6ezBPQB1SmMnpzjiWjCiMYmpIuw==",
      "license": "MIT",
      "dependencies": {
        "@vue/shared": "3.3.8"
      }
    },
    "node_modules/@vue/reactivity-transform": {
      "version": "3.3.8",
      "resolved": "https://registry.npmjs.org/@vue/reactivity-transform/-/reactivity-transform-3.3.8.tgz",
      "integrity": "sha512-49CvBzmZNtcHua0XJ7GdGifM8GOXoUMOX4dD40Y5DxI3R8OUhMlvf2nvgUAcPxaXiV5MQQ1Nwy09ADpnLQUqRw==",
      "license": "MIT",
      "dependencies": {
        "@babel/parser": "^7.23.0",
        "@vue/compiler-core": "3.3.8",
        "@vue/shared": "3.3.8",
        "estree-walker": "^2.0.2",
        "magic-string": "^0.30.5"
      }
    },
    "node_modules/@vue/runtime-core": {
      "version": "3.3.8",
      "resolved": "https://registry.npmjs.org/@vue/runtime-core/-/runtime-core-3.3.8.tgz",
      "integrity": "sha512-qurzOlb6q26KWQ/8IShHkMDOuJkQnQcTIp1sdP4I9MbCf9FJeGVRXJFr2mF+6bXh/3Zjr9TDgURXrsCr9bfjUw==",
      "license": "MIT",
      "dependencies": {
        "@vue/reactivity": "3.3.8",
        "@vue/shared": "3.3.8"
      }
    },
    "node_modules/@vue/runtime-dom": {
      "version": "3.3.8",
      "resolved": "https://registry.npmjs.org/@vue/runtime-dom/-/runtime-dom-3.3.8.tgz",
      "integrity": "sha512-Noy5yM5UIf9UeFoowBVgghyGGPIDPy1Qlqt0yVsUdAVbqI8eeMSsTqBtauaEoT2UFXUk5S64aWVNJN4MJ2vRdA==",
      "license": "MIT",
      "dependencies": {
        "@vue/runtime-core": "3.3.8",
        "@vue/shared": "3.3.8",
        "csstype": "^3.1.2"
      }
    },
    "node_modules/@vue/server-renderer": {
      "version": "3.3.8",
      "resolved": "https://registry.npmjs.org/@vue/server-renderer/-/server-renderer-3.3.8.tgz",
      "integrity": "sha512-zVCUw7RFskvPuNlPn/8xISbrf0zTWsTSdYTsUTN1ERGGZGVnRxM2QZ3x1OR32+vwkkCm0IW6HmJ49IsPm7ilLg==",
      "license": "MIT",
      "dependencies": {
        "@vue/compiler-ssr": "3.3.8",
        "@vue/shared": "3.3.8"
      },
      "peerDependencies": {
        "vue": "3.3.8"
      }
    },
    "node_modules/@vue/shared": {
      "version": "3.3.8",
      "resolved": "https://registry.npmjs.org/@vue/shared/-/shared-3.3.8.tgz",
      "integrity": "sha512-8PGwybFwM4x8pcfgqEQFy70NaQxASvOC5DJwLQfpArw1UDfUXrJkdxD3BhVTMS+0Lef/TU7YO0Jvr0jJY8T+mw==",
      "license": "MIT"
    },
    "node_modules/csstype": {
      "version": "3.1.2",
      "resolved": "https://registry.npmjs.org/csstype/-/csstype-3.1.2.tgz",
      "integrity": "sha512-I7K1Uu0MBPzaFKg4nI5Q7Vs2t+3gWWW648spaF+Rg7pI9ds18Ugn+lvg4SHczUdKlHI5LWBXyqfS8+DufyBsgQ==",
      "license": "MIT"
    },
    "node_modules/esbuild": {
      "version": "0.19.7",
      "resolved": "https://registry.npmjs.org/esbuild/-/esbuild-0.19.7.tgz",
      "integrity": "sha512-6brbTZVqxhqgbpqBR5MzErImcpA0SQdoKOkcWK/U30HtQxnokIpG3TX2r0IJqbFUzqLjhU/zC1S5ndgakObVCQ==",
      "dev": true,
      "hasInstallScript": true,
      "license": "MIT",
      "bin": {
        "esbuild": "bin/esbuild"
      },
      "engines": {
        "node": ">=12"
      },
      "optionalDependencies": {
        "@esbuild/android-arm": "0.19.7",
        "@esbuild/android-arm64": "0.19.7",
        "@esbuild/android-x64": "0.19.7",
        "@esbuild/darwin-arm64": "0.19.7",
        "@esbuild/darwin-x64": "0.19.7",
        "@esbuild/freebsd-arm64": "0.19.7",
        "@esbuild/freebsd-x64": "0.19.7",
        "@esbuild/linux-arm": "0.19.7",
        "@esbuild/linux-arm64": "0.19.7",
        "@esbuild/linux-ia32": "0.19.7",
        "@esbuild/linux-loong64": "0.19.7",
        "@esbuild/linux-mips64el": "0.19.7",
        "@esbuild/linux-ppc64": "0.19.7",
        "@esbuild/linux-riscv64": "0.19.7",
        "@esbuild/linux-s390x": "0.19.7",
        "@esbuild/linux-x64": "0.19.7",
        "@esbuild/netbsd-x64": "0.19.7",
        "@esbuild/openbsd-x64": "0.19.7",
        "@esbuild/sunos-x64": "0.19.7",
        "@esbuild/win32-arm64": "0.19.7",
        "@esbuild/win32-ia32": "0.19.7",
        "@esbuild/win32-x64": "0.19.7"
      }
    },
    "node_modules/estree-walker": {
      "version": "2.0.2",
      "resolved": "https://registry.npmjs.org/estree-walker/-/estree-walker-2.0.2.tgz",
      "integrity": "sha512-Rfkk/Mp/DL7JVje3u18FxFujQlTNR2q6QfMSMB7AvCBx91NGj/ba3kCfza0f6dVDbw7YlRf/nDrn7pQrCCyQ/w==",
      "license": "MIT"
    },
    "node_modules/magic-string": {
      "version": "0.30.5",
      "resolved": "https://registry.npmjs.org/magic-string/-/magic-string-0.30.5.tgz",
      "integrity": "sha512-7xlpfBaQaP/T6Vh8MO/EqXSW5En6INHEvEXQiuff7Gku0PWjU3uf6w/j9o7O+SpB5fOAkrI5HeoNgwjEO0pFsA==",
      "license": "MIT",
      "dependencies": {
        "@jridgewell/sourcemap-codec": "^1.4.15"
      },
      "engines": {
        "node": ">=12"
      }
    },
    "node_modules/nanoid": {
      "version": "3.3.7",
      "resolved": "https://registry.npmjs.org/nanoid/-/nanoid-3.3.7.tgz",
      "integrity": "sha512-eSRppjcPIatRIMC1U6UngP8XFcz8MQWGQdt1MTBQ7NaAmvXDfvNxbvWV3x2y6CdEUciCSsDHDQZbhYaB8QEo2g==",
      "funding": [
        {
          "type": "github",
          "url": "https://github.com/sponsors/ai"
        }
      ],
      "license": "MIT",
      "bin": {
        "nanoid": "bin/nanoid.cjs"
      },
      "engines": {
        "node": "^10 || ^12 || ^13.7 || ^14 || >=15.0.1"
      }
    },
    "node_modules/picocolors": {
      "version": "1.0.0",
      "resolved": "https://registry.npmjs.org/picocolors/-/picocolors-1.0.0.tgz",
      "integrity": "sha512-1fygroTLlHu66zi26VoTDv8yRgm0Fccecssto+MhsZ0D/DGW2sm8E8AjW7NU5VVTRt5GxbeZ5qBuJr+HyLYkjQ==",
      "license": "ISC"
    },
    "node_modules/postcss": {
      "version": "8.4.31",
      "resolved": "https://registry.npmjs.org/postcss/-/postcss-8.4.31.tgz",
      "integrity": "sha512-PS08Iboia9mts/2ygV3eLpY5ghnUcfLV/EXTOW1E2qYxJKGGBUtNjN76FYHnMs36RmARn41bC0AZmn+rR0OVpQ==",
      "funding": [
        {
          "type": "opencollective",
          "url": "https://opencollective.com/postcss/"
        },
        {
          "type": "tidelift",
          "url": "https://tidelift.com/funding/github/npm/postcss"
        },
        {
          "type": "github",
          "url": "https://github.com/sponsors/ai"
        }
      ],
      "license": "MIT",
      "dependencies": {
        "nanoid": "^3.3.6",
        "picocolors": "^1.0.0",
        "source-map-js": "^1.0.2"
      },
      "engines": {
        "node": "^10 || ^12 || >=14"
      }
    },
    "node_modules/rollup": {
      "version": "4.5.2",
      "resolved": "https://registry.npmjs.org/rollup/-/rollup-4.5.2.tgz",
      "integrity": "sha512-CRK1uoROBfkcqrZKyaFcqCcZWNsvJ6yVYZkqTlRocZhO2s5yER6Z3f/QaYtO8RGyloPnmhwgzuPQpNGeK210xQ==",
      "dev": true,
      "license": "MIT",
      "bin": {
        "rollup": "dist/bin/rollup"
      },
      "engines": {
        "node": ">=18.0.0",
        "npm": ">=8.0.0"
      },
      "optionalDependencies": {
        "@rollup/rollup-android-arm-eabi": "4.5.2",
        "@rollup/rollup-android-arm64": "4.5.2",
        "@rollup/rollup-darwin-arm64": "4.5.2",
        "@rollup/rollup-darwin-x64": "4.5.2",
        "@rollup/rollup-linux-arm-gnueabihf": "4.5.2",
        "@rollup/rollup-linux-arm64-gnu": "4.5.2",
        "@rollup/rollup-linux-arm64-musl": "4.5.2",
        "@rollup/rollup-linux-x64-gnu": "4.5.2",
        "@rollup/rollup-linux-x64-musl": "4.5.2",
        "@rollup/rollup-win32-arm64-msvc": "4.5.2",
        "@rollup/rollup-win32-ia32-msvc": "4.5.2",
        "@rollup/rollup-win32-x64-msvc": "4.5.2",
        "fsevents": "~2.3.2"
      }
    },
    "node_modules/source-map-js": {
      "version": "1.0.2",
      "resolved": "https://registry.npmjs.org/source-map-js/-/source-map-js-1.0.2.tgz",
      "integrity": "sha512-R0XvVJ9WusLiqTCEiGCmICCMplcCkIwwR11mOSD9CR5u+IXYdiseeEuXCVAjS54zqwkLcPNnmU4OeJ6tUrWhDw==",
      "license": "BSD-3-Clause",
      "engines": {
        "node": ">=0.10.0"
      }
    },
    "node_modules/three": {
      "version": "0.158.0",
      "resolved": "https://registry.npmjs.org/three/-/three-0.158.0.tgz",
      "integrity": "sha512-TALj4EOpdDPF1henk2Q+s17K61uEAAWQ7TJB68nr7FKxqwyDr3msOt5IWdbGm4TaWKjrtWS8DJJWe9JnvsWOhQ=="
    },
    "node_modules/vite": {
      "version": "5.0.2",
      "resolved": "https://registry.npmjs.org/vite/-/vite-5.0.2.tgz",
      "integrity": "sha512-6CCq1CAJCNM1ya2ZZA7+jS2KgnhbzvxakmlIjN24cF/PXhRMzpM/z8QgsVJA/Dm5fWUWnVEsmtBoMhmerPxT0g==",
      "dev": true,
      "license": "MIT",
      "dependencies": {
        "esbuild": "^0.19.3",
        "postcss": "^8.4.31",
        "rollup": "^4.2.0"
      },
      "bin": {
        "vite": "bin/vite.js"
      },
      "engines": {
        "node": "^18.0.0 || >=20.0.0"
      },
      "funding": {
        "url": "https://github.com/vitejs/vite?sponsor=1"
      },
      "optionalDependencies": {
        "fsevents": "~2.3.3"
      },
      "peerDependencies": {
        "@types/node": "^18.0.0 || >=20.0.0",
        "less": "*",
        "lightningcss": "^1.21.0",
        "sass": "*",
        "stylus": "*",
        "sugarss": "*",
        "terser": "^5.4.0"
      },
      "peerDependenciesMeta": {
        "@types/node": {
          "optional": true
        },
        "less": {
          "optional": true
        },
        "lightningcss": {
          "optional": true
        },
        "sass": {
          "optional": true
        },
        "stylus": {
          "optional": true
        },
        "sugarss": {
          "optional": true
        },
        "terser": {
          "optional": true
        }
      }
    },
    "node_modules/vue": {
      "version": "3.3.8",
      "resolved": "https://registry.npmjs.org/vue/-/vue-3.3.8.tgz",
      "integrity": "sha512-5VSX/3DabBikOXMsxzlW8JyfeLKlG9mzqnWgLQLty88vdZL7ZJgrdgBOmrArwxiLtmS+lNNpPcBYqrhE6TQW5w==",
      "license": "MIT",
      "dependencies": {
        "@vue/compiler-dom": "3.3.8",
        "@vue/compiler-sfc": "3.3.8",
        "@vue/runtime-dom": "3.3.8",
        "@vue/server-renderer": "3.3.8",
        "@vue/shared": "3.3.8"
      },
      "peerDependencies": {
        "typescript": "*"
      },
      "peerDependenciesMeta": {
        "typescript": {
          "optional": true
        }
      }
    }
  }
}
